
Microsoft Visual Studio Solution File, Format Version 12.00
# Visual Studio 2013
Project("{FAE04EC0-301F-11D3-BF4B-00C04F79EFBC}") = "UnityVS.BarryPooter.CSharp", "UnityVS.BarryPooter.CSharp.csproj", "{1D78BF75-C131-D993-C2A1-AB24BA8B565C}"
EndProject
Global
	GlobalSection(SolutionConfigurationPlatforms) = preSolution
		Debug|Any CPU = Debug|Any CPU
		Release|Any CPU = Release|Any CPU
	EndGlobalSection
	GlobalSection(ProjectConfigurationPlatforms) = postSolution
		{1D78BF75-C131-D993-C2A1-AB24BA8B565C}.Debug|Any CPU.ActiveCfg = Debug|Any CPU
		{1D78BF75-C131-D993-C2A1-AB24BA8B565C}.Debug|Any CPU.Build.0 = Debug|Any CPU
		{1D78BF75-C131-D993-C2A1-AB24BA8B565C}.Release|Any CPU.ActiveCfg = Release|Any CPU
		{1D78BF75-C131-D993-C2A1-AB24BA8B565C}.Release|Any CPU.Build.0 = Release|Any CPU
	EndGlobalSection
	GlobalSection(SolutionProperties) = preSolution
		HideSolutionNode = FALSE
	EndGlobalSection
EndGlobal
